
Microsoft Visual Studio Solution File, Format Version 12.00
# Visual Studio Version 16
VisualStudioVersion = 16.0.28803.452
MinimumVisualStudioVersion = 10.0.40219.1
Project("{8BC9CEB8-8B4A-11D0-8D11-00A0C91BC942}") = "HelloWorld", "HelloWorld\HelloWorld.vcxproj", "{3042BB90-822C-4CE2-84AA-C59A1C2ED879}"
EndProject
Global
	GlobalSection(SolutionConfigurationPlatforms) = preSolution
		Debug|x64 = Debug|x64
		Debug|x86 = Debug|x86
		Release|x64 = Release|x64
		Release|x86 = Release|x86
	EndGlobalSection
	GlobalSection(ProjectConfigurationPlatforms) = postSolution
		{3042BB90-822C-4CE2-84AA-C59A1C2ED879}.Debug|x64.ActiveCfg = Debug|x64
		{3042BB90-822C-4CE2-84AA-C59A1C2ED879}.Debug|x64.Build.0 = Debug|x64
		{3042BB90-822C-4CE2-84AA-C59A1C2ED879}.Debug|x86.ActiveCfg = Debug|Win32
		{3042BB90-822C-4CE2-84AA-C59A1C2ED879}.Debug|x86.Build.0 = Debug|Win32
		{3042BB90-822C-4CE2-84AA-C59A1C2ED879}.Release|x64.ActiveCfg = Release|x64
		{3042BB90-822C-4CE2-84AA-C59A1C2ED879}.Release|x64.Build.0 = Release|x64
		{3042BB90-822C-4CE2-84AA-C59A1C2ED879}.Release|x86.ActiveCfg = Release|Win32
		{3042BB90-822C-4CE2-84AA-C59A1C2ED879}.Release|x86.Build.0 = Release|Win32
	EndGlobalSection
	GlobalSection(SolutionProperties) = preSolution
		HideSolutionNode = FALSE
	EndGlobalSection
	GlobalSection(ExtensibilityGlobals) = postSolution
		SolutionGuid = {48CDF190-109F-4F92-B4AE-80F4382C0B65}
	EndGlobalSection
EndGlobal
